// !$*UTF8*$!
{
	archiveVersion = 1;
	classes = {
	};
	objectVersion = 46;
	objects = {

/* Begin PBXBuildFile section */
		934CA8AF1976E807004C29EB /* AppDelegate.swift in Sources */ = {isa = PBXBuildFile; fileRef = 934CA8AE1976E807004C29EB /* AppDelegate.swift */; };
		934CA8B21976E807004C29EB /* CoreDataTrickerySwift.xcdatamodeld in Sources */ = {isa = PBXBuildFile; fileRef = 934CA8B01976E807004C29EB /* CoreDataTrickerySwift.xcdatamodeld */; };
		934CA8B71976E807004C29EB /* Main.storyboard in Resources */ = {isa = PBXBuildFile; fileRef = 934CA8B51976E807004C29EB /* Main.storyboard */; };
		934CA8B91976E807004C29EB /* Images.xcassets in Resources */ = {isa = PBXBuildFile; fileRef = 934CA8B81976E807004C29EB /* Images.xcassets */; };
		934CA8C51976E807004C29EB /* CoreDataTrickerySwiftTests.swift in Sources */ = {isa = PBXBuildFile; fileRef = 934CA8C41976E807004C29EB /* CoreDataTrickerySwiftTests.swift */; };
		934CA8CF1976E958004C29EB /* ToDoViewController.swift in Sources */ = {isa = PBXBuildFile; fileRef = 934CA8CE1976E958004C29EB /* ToDoViewController.swift */; };
		934CA8D91977E558004C29EB /* ToDo.swift in Sources */ = {isa = PBXBuildFile; fileRef = 934CA8D81977E558004C29EB /* ToDo.swift */; };
		93E40D5D197D0B0900B1BEB5 /* NewToDoViewController.swift in Sources */ = {isa = PBXBuildFile; fileRef = 93E40D5C197D0B0900B1BEB5 /* NewToDoViewController.swift */; };
/* End PBXBuildFile section */

/* Begin PBXContainerItemProxy section */
		934CA8BF1976E807004C29EB /* PBXContainerItemProxy */ = {
			isa = PBXContainerItemProxy;
			containerPortal = 934CA8A11976E807004C29EB /* Project object */;
			proxyType = 1;
			remoteGlobalIDString = 934CA8A81976E807004C29EB;
			remoteInfo = CoreDataTrickerySwift;
		};
/* End PBXContainerItemProxy section */

/* Begin PBXFileReference section */
		934CA8A91976E807004C29EB /* CoreDataTrickerySwift.app */ = {isa = PBXFileReference; explicitFileType = wrapper.application; includeInIndex = 0; path = CoreDataTrickerySwift.app; sourceTree = BUILT_PRODUCTS_DIR; };
		934CA8AD1976E807004C29EB /* Info.plist */ = {isa = PBXFileReference; lastKnownFileType = text.plist.xml; path = Info.plist; sourceTree = "<group>"; };
		934CA8AE1976E807004C29EB /* AppDelegate.swift */ = {isa = PBXFileReference; lastKnownFileType = sourcecode.swift; path = AppDelegate.swift; sourceTree = "<group>"; };
		934CA8B11976E807004C29EB /* CoreDataTrickerySwift.xcdatamodel */ = {isa = PBXFileReference; explicitFileType = wrapper.xcdatamodel; path = CoreDataTrickerySwift.xcdatamodel; sourceTree = "<group>"; };
		934CA8B61976E807004C29EB /* Base */ = {isa = PBXFileReference; lastKnownFileType = file.storyboard; name = Base; path = Base.lproj/Main.storyboard; sourceTree = "<group>"; };
		934CA8B81976E807004C29EB /* Images.xcassets */ = {isa = PBXFileReference; lastKnownFileType = folder.assetcatalog; path = Images.xcassets; sourceTree = "<group>"; };
		934CA8BE1976E807004C29EB /* CoreDataTrickerySwiftTests.xctest */ = {isa = PBXFileReference; explicitFileType = wrapper.cfbundle; includeInIndex = 0; path = CoreDataTrickerySwiftTests.xctest; sourceTree = BUILT_PRODUCTS_DIR; };
		934CA8C31976E807004C29EB /* Info.plist */ = {isa = PBXFileReference; lastKnownFileType = text.plist.xml; path = Info.plist; sourceTree = "<group>"; };
		934CA8C41976E807004C29EB /* CoreDataTrickerySwiftTests.swift */ = {isa = PBXFileReference; lastKnownFileType = sourcecode.swift; path = CoreDataTrickerySwiftTests.swift; sourceTree = "<group>"; };
		934CA8CE1976E958004C29EB /* ToDoViewController.swift */ = {isa = PBXFileReference; fileEncoding = 4; lastKnownFileType = sourcecode.swift; path = ToDoViewController.swift; sourceTree = "<group>"; };
		934CA8D81977E558004C29EB /* ToDo.swift */ = {isa = PBXFileReference; fileEncoding = 4; lastKnownFileType = sourcecode.swift; path = ToDo.swift; sourceTree = "<group>"; };
		93506C5B197D21FB0036FC9A /* CoreDataTrickerySwift 2.xcdatamodel */ = {isa = PBXFileReference; lastKnownFileType = wrapper.xcdatamodel; path = "CoreDataTrickerySwift 2.xcdatamodel"; sourceTree = "<group>"; };
		93E40D5C197D0B0900B1BEB5 /* NewToDoViewController.swift */ = {isa = PBXFileReference; fileEncoding = 4; lastKnownFileType = sourcecode.swift; path = NewToDoViewController.swift; sourceTree = "<group>"; };
/* End PBXFileReference section */

/* Begin PBXFrameworksBuildPhase section */
		934CA8A61976E807004C29EB /* Frameworks */ = {
			isa = PBXFrameworksBuildPhase;
			buildActionMask = 2147483647;
			files = (
			);
			runOnlyForDeploymentPostprocessing = 0;
		};
		934CA8BB1976E807004C29EB /* Frameworks */ = {
			isa = PBXFrameworksBuildPhase;
			buildActionMask = 2147483647;
			files = (
			);
			runOnlyForDeploymentPostprocessing = 0;
		};
/* End PBXFrameworksBuildPhase section */

/* Begin PBXGroup section */
		934CA8A01976E807004C29EB = {
			isa = PBXGroup;
			children = (
				934CA8AB1976E807004C29EB /* CoreDataTrickerySwift */,
				934CA8C11976E807004C29EB /* CoreDataTrickerySwiftTests */,
				934CA8AA1976E807004C29EB /* Products */,
			);
			sourceTree = "<group>";
		};
		934CA8AA1976E807004C29EB /* Products */ = {
			isa = PBXGroup;
			children = (
				934CA8A91976E807004C29EB /* CoreDataTrickerySwift.app */,
				934CA8BE1976E807004C29EB /* CoreDataTrickerySwiftTests.xctest */,
			);
			name = Products;
			sourceTree = "<group>";
		};
		934CA8AB1976E807004C29EB /* CoreDataTrickerySwift */ = {
			isa = PBXGroup;
			children = (
				934CA8AE1976E807004C29EB /* AppDelegate.swift */,
				93E40D5C197D0B0900B1BEB5 /* NewToDoViewController.swift */,
				934CA8D81977E558004C29EB /* ToDo.swift */,
				934CA8CE1976E958004C29EB /* ToDoViewController.swift */,
				934CA8B51976E807004C29EB /* Main.storyboard */,
				934CA8B81976E807004C29EB /* Images.xcassets */,
				934CA8B01976E807004C29EB /* CoreDataTrickerySwift.xcdatamodeld */,
				934CA8AC1976E807004C29EB /* Supporting Files */,
			);
			path = CoreDataTrickerySwift;
			sourceTree = "<group>";
		};
		934CA8AC1976E807004C29EB /* Supporting Files */ = {
			isa = PBXGroup;
			children = (
				934CA8AD1976E807004C29EB /* Info.plist */,
			);
			name = "Supporting Files";
			sourceTree = "<group>";
		};
		934CA8C11976E807004C29EB /* CoreDataTrickerySwiftTests */ = {
			isa = PBXGroup;
			children = (
				934CA8C41976E807004C29EB /* CoreDataTrickerySwiftTests.swift */,
				934CA8C21976E807004C29EB /* Supporting Files */,
			);
			path = CoreDataTrickerySwiftTests;
			sourceTree = "<group>";
		};
		934CA8C21976E807004C29EB /* Supporting Files */ = {
			isa = PBXGroup;
			children = (
				934CA8C31976E807004C29EB /* Info.plist */,
			);
			name = "Supporting Files";
			sourceTree = "<group>";
		};
/* End PBXGroup section */

/* Begin PBXNativeTarget section */
		934CA8A81976E807004C29EB /* CoreDataTrickerySwift */ = {
			isa = PBXNativeTarget;
			buildConfigurationList = 934CA8C81976E807004C29EB /* Build configuration list for PBXNativeTarget "CoreDataTrickerySwift" */;
			buildPhases = (
				934CA8A51976E807004C29EB /* Sources */,
				934CA8A61976E807004C29EB /* Frameworks */,
				934CA8A71976E807004C29EB /* Resources */,
			);
			buildRules = (
			);
			dependencies = (
			);
			name = CoreDataTrickerySwift;
			productName = CoreDataTrickerySwift;
			productReference = 934CA8A91976E807004C29EB /* CoreDataTrickerySwift.app */;
			productType = "com.apple.product-type.application";
		};
		934CA8BD1976E807004C29EB /* CoreDataTrickerySwiftTests */ = {
			isa = PBXNativeTarget;
			buildConfigurationList = 934CA8CB1976E807004C29EB /* Build configuration list for PBXNativeTarget "CoreDataTrickerySwiftTests" */;
			buildPhases = (
				934CA8BA1976E807004C29EB /* Sources */,
				934CA8BB1976E807004C29EB /* Frameworks */,
				934CA8BC1976E807004C29EB /* Resources */,
			);
			buildRules = (
			);
			dependencies = (
				934CA8C01976E807004C29EB /* PBXTargetDependency */,
			);
			name = CoreDataTrickerySwiftTests;
			productName = CoreDataTrickerySwiftTests;
			productReference = 934CA8BE1976E807004C29EB /* CoreDataTrickerySwiftTests.xctest */;
			productType = "com.apple.product-type.bundle.unit-test";
		};
/* End PBXNativeTarget section */

/* Begin PBXProject section */
		934CA8A11976E807004C29EB /* Project object */ = {
			isa = PBXProject;
			attributes = {
				LastUpgradeCheck = 0600;
				ORGANIZATIONNAME = "Apps and Wonders";
				TargetAttributes = {
					934CA8A81976E807004C29EB = {
						CreatedOnToolsVersion = 6.0;
					};
					934CA8BD1976E807004C29EB = {
						CreatedOnToolsVersion = 6.0;
						TestTargetID = 934CA8A81976E807004C29EB;
					};
				};
			};
			buildConfigurationList = 934CA8A41976E807004C29EB /* Build configuration list for PBXProject "CoreDataTrickerySwift" */;
			compatibilityVersion = "Xcode 3.2";
			developmentRegion = English;
			hasScannedForEncodings = 0;
			knownRegions = (
				en,
				Base,
			);
			mainGroup = 934CA8A01976E807004C29EB;
			productRefGroup = 934CA8AA1976E807004C29EB /* Products */;
			projectDirPath = "";
			projectRoot = "";
			targets = (
				934CA8A81976E807004C29EB /* CoreDataTrickerySwift */,
				934CA8BD1976E807004C29EB /* CoreDataTrickerySwiftTests */,
			);
		};
/* End PBXProject section */

/* Begin PBXResourcesBuildPhase section */
		934CA8A71976E807004C29EB /* Resources */ = {
			isa = PBXResourcesBuildPhase;
			buildActionMask = 2147483647;
			files = (
				934CA8B71976E807004C29EB /* Main.storyboard in Resources */,
				934CA8B91976E807004C29EB /* Images.xcassets in Resources */,
			);
			runOnlyForDeploymentPostprocessing = 0;
		};
		934CA8BC1976E807004C29EB /* Resources */ = {
			isa = PBXResourcesBuildPhase;
			buildActionMask = 2147483647;
			files = (
			);
			runOnlyForDeploymentPostprocessing = 0;
		};
/* End PBXResourcesBuildPhase section */

/* Begin PBXSourcesBuildPhase section */
		934CA8A51976E807004C29EB /* Sources */ = {
			isa = PBXSourcesBuildPhase;
			buildActionMask = 2147483647;
			files = (
				93E40D5D197D0B0900B1BEB5 /* NewToDoViewController.swift in Sources */,
				934CA8AF1976E807004C29EB /* AppDelegate.swift in Sources */,
				934CA8CF1976E958004C29EB /* ToDoViewController.swift in Sources */,
				934CA8B21976E807004C29EB /* CoreDataTrickerySwift.xcdatamodeld in Sources */,
				934CA8D91977E558004C29EB /* ToDo.swift in Sources */,
			);
			runOnlyForDeploymentPostprocessing = 0;
		};
		934CA8BA1976E807004C29EB /* Sources */ = {
			isa = PBXSourcesBuildPhase;
			buildActionMask = 2147483647;
			files = (
				934CA8C51976E807004C29EB /* CoreDataTrickerySwiftTests.swift in Sources */,
			);
			runOnlyForDeploymentPostprocessing = 0;
		};
/* End PBXSourcesBuildPhase section */

/* Begin PBXTargetDependency section */
		934CA8C01976E807004C29EB /* PBXTargetDependency */ = {
			isa = PBXTargetDependency;
			target = 934CA8A81976E807004C29EB /* CoreDataTrickerySwift */;
			targetProxy = 934CA8BF1976E807004C29EB /* PBXContainerItemProxy */;
		};
/* End PBXTargetDependency section */

/* Begin PBXVariantGroup section */
		934CA8B51976E807004C29EB /* Main.storyboard */ = {
			isa = PBXVariantGroup;
			children = (
				934CA8B61976E807004C29EB /* Base */,
			);
			name = Main.storyboard;
			sourceTree = "<group>";
		};
/* End PBXVariantGroup section */

/* Begin XCBuildConfiguration section */
		934CA8C61976E807004C29EB /* Debug */ = {
			isa = XCBuildConfiguration;
			buildSettings = {
				ALWAYS_SEARCH_USER_PATHS = NO;
				CLANG_CXX_LANGUAGE_STANDARD = "gnu++0x";
				CLANG_CXX_LIBRARY = "libc++";
				CLANG_ENABLE_MODULES = YES;
				CLANG_ENABLE_OBJC_ARC = YES;
				CLANG_WARN_BOOL_CONVERSION = YES;
				CLANG_WARN_CONSTANT_CONVERSION = YES;
				CLANG_WARN_DIRECT_OBJC_ISA_USAGE = YES_ERROR;
				CLANG_WARN_EMPTY_BODY = YES;
				CLANG_WARN_ENUM_CONVERSION = YES;
				CLANG_WARN_INT_CONVERSION = YES;
				CLANG_WARN_OBJC_ROOT_CLASS = YES_ERROR;
				CLANG_WARN_UNREACHABLE_CODE = YES;
				CLANG_WARN__DUPLICATE_METHOD_MATCH = YES;
				"CODE_SIGN_IDENTITY[sdk=iphoneos*]" = "iPhone Developer";
				COPY_PHASE_STRIP = NO;
				ENABLE_STRICT_OBJC_MSGSEND = YES;
				GCC_C_LANGUAGE_STANDARD = gnu99;
				GCC_DYNAMIC_NO_PIC = NO;
				GCC_OPTIMIZATION_LEVEL = 0;
				GCC_PREPROCESSOR_DEFINITIONS = (
					"DEBUG=1",
					"$(inherited)",
				);
				GCC_SYMBOLS_PRIVATE_EXTERN = NO;
				GCC_WARN_64_TO_32_BIT_CONVERSION = YES;
				GCC_WARN_ABOUT_RETURN_TYPE = YES_ERROR;
				GCC_WARN_UNDECLARED_SELECTOR = YES;
				GCC_WARN_UNINITIALIZED_AUTOS = YES_AGGRESSIVE;
				GCC_WARN_UNUSED_FUNCTION = YES;
				GCC_WARN_UNUSED_VARIABLE = YES;
				IPHONEOS_DEPLOYMENT_TARGET = 8.0;
				MTL_ENABLE_DEBUG_INFO = YES;
				ONLY_ACTIVE_ARCH = YES;
				SDKROOT = iphoneos;
				SWIFT_OPTIMIZATION_LEVEL = "-Onone";
			};
			name = Debug;
		};
		934CA8C71976E807004C29EB /* Release */ = {
			isa = XCBuildConfiguration;
			buildSettings = {
				ALWAYS_SEARCH_USER_PATHS = NO;
				CLANG_CXX_LANGUAGE_STANDARD = "gnu++0x";
				CLANG_CXX_LIBRARY = "libc++";
				CLANG_ENABLE_MODULES = YES;
				CLANG_ENABLE_OBJC_ARC = YES;
				CLANG_WARN_BOOL_CONVERSION = YES;
				CLANG_WARN_CONSTANT_CONVERSION = YES;
				CLANG_WARN_DIRECT_OBJC_ISA_USAGE = YES_ERROR;
				CLANG_WARN_EMPTY_BODY = YES;
				CLANG_WARN_ENUM_CONVERSION = YES;
				CLANG_WARN_INT_CONVERSION = YES;
				CLANG_WARN_OBJC_ROOT_CLASS = YES_ERROR;
				CLANG_WARN_UNREACHABLE_CODE = YES;
				CLANG_WARN__DUPLICATE_METHOD_MATCH = YES;
				"CODE_SIGN_IDENTITY[sdk=iphoneos*]" = "iPhone Developer";
				COPY_PHASE_STRIP = YES;
				ENABLE_NS_ASSERTIONS = NO;
				ENABLE_STRICT_OBJC_MSGSEND = YES;
				GCC_C_LANGUAGE_STANDARD = gnu99;
				GCC_WARN_64_TO_32_BIT_CONVERSION = YES;
				GCC_WARN_ABOUT_RETURN_TYPE = YES_ERROR;
				GCC_WARN_UNDECLARED_SELECTOR = YES;
				GCC_WARN_UNINITIALIZED_AUTOS = YES_AGGRESSIVE;
				GCC_WARN_UNUSED_FUNCTION = YES;
				GCC_WARN_UNUSED_VARIABLE = YES;
				IPHONEOS_DEPLOYMENT_TARGET = 8.0;
				MTL_ENABLE_DEBUG_INFO = NO;
				SDKROOT = iphoneos;
				VALIDATE_PRODUCT = YES;
			};
			name = Release;
		};
		934CA8C91976E807004C29EB /* Debug */ = {
			isa = XCBuildConfiguration;
			buildSettings = {
				ASSETCATALOG_COMPILER_APPICON_NAME = AppIcon;
				ASSETCATALOG_COMPILER_LAUNCHIMAGE_NAME = LaunchImage;
				CLANG_ENABLE_MODULES = YES;
				INFOPLIST_FILE = CoreDataTrickerySwift/Info.plist;
				IPHONEOS_DEPLOYMENT_TARGET = 8.0;
				LD_RUNPATH_SEARCH_PATHS = "$(inherited) @executable_path/Frameworks";
				PRODUCT_NAME = "$(TARGET_NAME)";
				SWIFT_INSTALL_OBJC_HEADER = NO;
				SWIFT_OPTIMIZATION_LEVEL = "-Onone";
			};
			name = Debug;
		};
		934CA8CA1976E807004C29EB /* Release */ = {
			isa = XCBuildConfiguration;
			buildSettings = {
				ASSETCATALOG_COMPILER_APPICON_NAME = AppIcon;
				ASSETCATALOG_COMPILER_LAUNCHIMAGE_NAME = LaunchImage;
				CLANG_ENABLE_MODULES = YES;
				INFOPLIST_FILE = CoreDataTrickerySwift/Info.plist;
				IPHONEOS_DEPLOYMENT_TARGET = 8.0;
				LD_RUNPATH_SEARCH_PATHS = "$(inherited) @executable_path/Frameworks";
				PRODUCT_NAME = "$(TARGET_NAME)";
				SWIFT_INSTALL_OBJC_HEADER = NO;
			};
			name = Release;
		};
		934CA8CC1976E807004C29EB /* Debug */ = {
			isa = XCBuildConfiguration;
			buildSettings = {
				BUNDLE_LOADER = "$(BUILT_PRODUCTS_DIR)/CoreDataTrickerySwift.app/CoreDataTrickerySwift";
				FRAMEWORK_SEARCH_PATHS = (
					"$(SDKROOT)/Developer/Library/Frameworks",
					"$(inherited)",
				);
				GCC_PREPROCESSOR_DEFINITIONS = (
					"DEBUG=1",
					"$(inherited)",
				);
				INFOPLIST_FILE = CoreDataTrickerySwiftTests/Info.plist;
				LD_RUNPATH_SEARCH_PATHS = "$(inherited) @executable_path/Frameworks @loader_path/Frameworks";
				PRODUCT_NAME = "$(TARGET_NAME)";
				TEST_HOST = "$(BUNDLE_LOADER)";
			};
			name = Debug;
		};
		934CA8CD1976E807004C29EB /* Release */ = {
			isa = XCBuildConfiguration;
			buildSettings = {
				BUNDLE_LOADER = "$(BUILT_PRODUCTS_DIR)/CoreDataTrickerySwift.app/CoreDataTrickerySwift";
				FRAMEWORK_SEARCH_PATHS = (
					"$(SDKROOT)/Developer/Library/Frameworks",
					"$(inherited)",
				);
				INFOPLIST_FILE = CoreDataTrickerySwiftTests/Info.plist;
				LD_RUNPATH_SEARCH_PATHS = "$(inherited) @executable_path/Frameworks @loader_path/Frameworks";
				PRODUCT_NAME = "$(TARGET_NAME)";
				TEST_HOST = "$(BUNDLE_LOADER)";
			};
			name = Release;
		};
/* End XCBuildConfiguration section */

/* Begin XCConfigurationList section */
		934CA8A41976E807004C29EB /* Build configuration list for PBXProject "CoreDataTrickerySwift" */ = {
			isa = XCConfigurationList;
			buildConfigurations = (
				934CA8C61976E807004C29EB /* Debug */,
				934CA8C71976E807004C29EB /* Release */,
			);
			defaultConfigurationIsVisible = 0;
			defaultConfigurationName = Release;
		};
		934CA8C81976E807004C29EB /* Build configuration list for PBXNativeTarget "CoreDataTrickerySwift" */ = {
			isa = XCConfigurationList;
			buildConfigurations = (
				934CA8C91976E807004C29EB /* Debug */,
				934CA8CA1976E807004C29EB /* Release */,
			);
			defaultConfigurationIsVisible = 0;
			defaultConfigurationName = Release;
		};
		934CA8CB1976E807004C29EB /* Build configuration list for PBXNativeTarget "CoreDataTrickerySwiftTests" */ = {
			isa = XCConfigurationList;
			buildConfigurations = (
				934CA8CC1976E807004C29EB /* Debug */,
				934CA8CD1976E807004C29EB /* Release */,
			);
			defaultConfigurationIsVisible = 0;
			defaultConfigurationName = Release;
		};
/* End XCConfigurationList section */

/* Begin XCVersionGroup section */
		934CA8B01976E807004C29EB /* CoreDataTrickerySwift.xcdatamodeld */ = {
			isa = XCVersionGroup;
			children = (
				93506C5B197D21FB0036FC9A /* CoreDataTrickerySwift 2.xcdatamodel */,
				934CA8B11976E807004C29EB /* CoreDataTrickerySwift.xcdatamodel */,
			);
			currentVersion = 93506C5B197D21FB0036FC9A /* CoreDataTrickerySwift 2.xcdatamodel */;
			path = CoreDataTrickerySwift.xcdatamodeld;
			sourceTree = "<group>";
			versionGroupType = wrapper.xcdatamodel;
		};
/* End XCVersionGroup section */
	};
	rootObject = 934CA8A11976E807004C29EB /* Project object */;
}
